{
  "originHash" : "9e143be062c5f61e67911a28d17b37371f5b3d8434f85ff3aa5c5317e22e3a66",
  "pins" : [
    {
      "identity" : "iglistkit",
      "kind" : "remoteSourceControl",
      "location" : "https://github.com/Instagram/IGListKit",
      "state" : {
        "revision" : "baf38ea4d438ef3cc6c6deb8615e1910e03f02bb",
        "version" : "5.0.0"
      }
    },
    {
      "identity" : "snapkit",
      "kind" : "remoteSourceControl",
      "location" : "https://github.com/SnapKit/SnapKit.git",
      "state" : {
        "revision" : "2842e6e84e82eb9a8dac0100ca90d9444b0307f4",
        "version" : "5.7.1"
      }
    }
  ],
  "version" : 3
}
